
Microsoft Visual Studio Solution File, Format Version 12.00
# Visual Studio Version 17
VisualStudioVersion = 17.4.33122.133
MinimumVisualStudioVersion = 10.0.40219.1
Project("{9A19103F-16F7-4668-BE54-9A1E7A4F7556}") = "MockHttpClientSample", "MockHttpClientSample\MockHttpClientSample.csproj", "{EBCA0F96-7123-42FC-B002-41F87D9472D5}"
EndProject
Project("{2150E333-8FDC-42A3-9474-1A3956D46DE8}") = "test", "test", "{97286F0F-C1BC-4054-8565-F7C38C3B7F0E}"
EndProject
Project("{FAE04EC0-301F-11D3-BF4B-00C04F79EFBC}") = "MockHttpClientSample.Test", "MockHttpClientSample.Test\MockHttpClientSample.Test.csproj", "{36D472C2-6F2C-4C6B-B4E2-6165488E929B}"
EndProject
Global
	GlobalSection(SolutionConfigurationPlatforms) = preSolution
		Debug|Any CPU = Debug|Any CPU
		Release|Any CPU = Release|Any CPU
	EndGlobalSection
	GlobalSection(ProjectConfigurationPlatforms) = postSolution
		{EBCA0F96-7123-42FC-B002-41F87D9472D5}.Debug|Any CPU.ActiveCfg = Debug|Any CPU
		{EBCA0F96-7123-42FC-B002-41F87D9472D5}.Debug|Any CPU.Build.0 = Debug|Any CPU
		{EBCA0F96-7123-42FC-B002-41F87D9472D5}.Release|Any CPU.ActiveCfg = Release|Any CPU
		{EBCA0F96-7123-42FC-B002-41F87D9472D5}.Release|Any CPU.Build.0 = Release|Any CPU
		{36D472C2-6F2C-4C6B-B4E2-6165488E929B}.Debug|Any CPU.ActiveCfg = Debug|Any CPU
		{36D472C2-6F2C-4C6B-B4E2-6165488E929B}.Debug|Any CPU.Build.0 = Debug|Any CPU
		{36D472C2-6F2C-4C6B-B4E2-6165488E929B}.Release|Any CPU.ActiveCfg = Release|Any CPU
		{36D472C2-6F2C-4C6B-B4E2-6165488E929B}.Release|Any CPU.Build.0 = Release|Any CPU
	EndGlobalSection
	GlobalSection(SolutionProperties) = preSolution
		HideSolutionNode = FALSE
	EndGlobalSection
	GlobalSection(NestedProjects) = preSolution
		{36D472C2-6F2C-4C6B-B4E2-6165488E929B} = {97286F0F-C1BC-4054-8565-F7C38C3B7F0E}
	EndGlobalSection
	GlobalSection(ExtensibilityGlobals) = postSolution
		SolutionGuid = {6D0EDE8C-1AAF-45EB-96AF-A2E07276DEA2}
	EndGlobalSection
EndGlobal
